
Microsoft Visual Studio Solution File, Format Version 12.00
# Visual Studio 15
VisualStudioVersion = 15.0.28307.421
MinimumVisualStudioVersion = 10.0.40219.1
Project("{FAE04EC0-301F-11D3-BF4B-00C04F79EFBC}") = "GetRestaurantsFromMyMenu", "GetRestaurantsFromMyMenu\GetRestaurantsFromMyMenu.csproj", "{9D2C5DD2-332F-4426-953B-B3E1064166FB}"
EndProject
Global
	GlobalSection(SolutionConfigurationPlatforms) = preSolution
		Debug|Any CPU = Debug|Any CPU
		Release|Any CPU = Release|Any CPU
	EndGlobalSection
	GlobalSection(ProjectConfigurationPlatforms) = postSolution
		{9D2C5DD2-332F-4426-953B-B3E1064166FB}.Debug|Any CPU.ActiveCfg = Debug|Any CPU
		{9D2C5DD2-332F-4426-953B-B3E1064166FB}.Debug|Any CPU.Build.0 = Debug|Any CPU
		{9D2C5DD2-332F-4426-953B-B3E1064166FB}.Release|Any CPU.ActiveCfg = Release|Any CPU
		{9D2C5DD2-332F-4426-953B-B3E1064166FB}.Release|Any CPU.Build.0 = Release|Any CPU
	EndGlobalSection
	GlobalSection(SolutionProperties) = preSolution
		HideSolutionNode = FALSE
	EndGlobalSection
	GlobalSection(ExtensibilityGlobals) = postSolution
		SolutionGuid = {6437E410-6B0D-4E79-BCAF-093F23E06A45}
	EndGlobalSection
EndGlobal
